// !$*UTF8*$!
{
	archiveVersion = 1;
	classes = {
	};
	objectVersion = 48;
	objects = {

/* Begin PBXBuildFile section */
		12068F2E20892F37004F35D7 /* AppDelegate.swift in Sources */ = {isa = PBXBuildFile; fileRef = 12068F2D20892F37004F35D7 /* AppDelegate.swift */; };
		12068F3020892F37004F35D7 /* GameScene.sks in Resources */ = {isa = PBXBuildFile; fileRef = 12068F2F20892F37004F35D7 /* GameScene.sks */; };
		12068F3420892F37004F35D7 /* GameScene.swift in Sources */ = {isa = PBXBuildFile; fileRef = 12068F3320892F37004F35D7 /* GameScene.swift */; };
		12068F3620892F37004F35D7 /* GameViewController.swift in Sources */ = {isa = PBXBuildFile; fileRef = 12068F3520892F37004F35D7 /* GameViewController.swift */; };
		12068F3920892F37004F35D7 /* Main.storyboard in Resources */ = {isa = PBXBuildFile; fileRef = 12068F3720892F37004F35D7 /* Main.storyboard */; };
		12068F3E20892F37004F35D7 /* LaunchScreen.storyboard in Resources */ = {isa = PBXBuildFile; fileRef = 12068F3C20892F37004F35D7 /* LaunchScreen.storyboard */; };
		12068F4920892F37004F35D7 /* BlasteroidsTests.swift in Sources */ = {isa = PBXBuildFile; fileRef = 12068F4820892F37004F35D7 /* BlasteroidsTests.swift */; };
		12068F5420892F37004F35D7 /* BlasteroidsUITests.swift in Sources */ = {isa = PBXBuildFile; fileRef = 12068F5320892F37004F35D7 /* BlasteroidsUITests.swift */; };
		124C2F6420A3CB02006A5D68 /* EndScene.sks in Resources */ = {isa = PBXBuildFile; fileRef = 124C2F6320A3CB02006A5D68 /* EndScene.sks */; };
		124C2F6620A3EB2A006A5D68 /* Default-568h@2x.png in Resources */ = {isa = PBXBuildFile; fileRef = 124C2F6520A3EB2A006A5D68 /* Default-568h@2x.png */; };
		12F95542208EC66100F9111B /* Assets.xcassets in Resources */ = {isa = PBXBuildFile; fileRef = 12F95541208EC66000F9111B /* Assets.xcassets */; };
		12F95544208ED49800F9111B /* EndScene.swift in Sources */ = {isa = PBXBuildFile; fileRef = 12F95543208ED49800F9111B /* EndScene.swift */; };
/* End PBXBuildFile section */

/* Begin PBXContainerItemProxy section */
		12068F4520892F37004F35D7 /* PBXContainerItemProxy */ = {
			isa = PBXContainerItemProxy;
			containerPortal = 12068F2220892F37004F35D7 /* Project object */;
			proxyType = 1;
			remoteGlobalIDString = 12068F2920892F37004F35D7;
			remoteInfo = asteroids;
		};
		12068F5020892F37004F35D7 /* PBXContainerItemProxy */ = {
			isa = PBXContainerItemProxy;
			containerPortal = 12068F2220892F37004F35D7 /* Project object */;
			proxyType = 1;
			remoteGlobalIDString = 12068F2920892F37004F35D7;
			remoteInfo = asteroids;
		};
/* End PBXContainerItemProxy section */

/* Begin PBXFileReference section */
		12068F2A20892F37004F35D7 /* Blasteroids.app */ = {isa = PBXFileReference; explicitFileType = wrapper.application; includeInIndex = 0; path = Blasteroids.app; sourceTree = BUILT_PRODUCTS_DIR; };
		12068F2D20892F37004F35D7 /* AppDelegate.swift */ = {isa = PBXFileReference; lastKnownFileType = sourcecode.swift; path = AppDelegate.swift; sourceTree = "<group>"; };
		12068F2F20892F37004F35D7 /* GameScene.sks */ = {isa = PBXFileReference; lastKnownFileType = file.sks; path = GameScene.sks; sourceTree = "<group>"; };
		12068F3320892F37004F35D7 /* GameScene.swift */ = {isa = PBXFileReference; lastKnownFileType = sourcecode.swift; path = GameScene.swift; sourceTree = "<group>"; usesTabs = 0; };
		12068F3520892F37004F35D7 /* GameViewController.swift */ = {isa = PBXFileReference; lastKnownFileType = sourcecode.swift; path = GameViewController.swift; sourceTree = "<group>"; };
		12068F3820892F37004F35D7 /* Base */ = {isa = PBXFileReference; lastKnownFileType = file.storyboard; name = Base; path = Base.lproj/Main.storyboard; sourceTree = "<group>"; };
		12068F3D20892F37004F35D7 /* Base */ = {isa = PBXFileReference; lastKnownFileType = file.storyboard; name = Base; path = Base.lproj/LaunchScreen.storyboard; sourceTree = "<group>"; };
		12068F3F20892F37004F35D7 /* Info.plist */ = {isa = PBXFileReference; lastKnownFileType = text.plist.xml; path = Info.plist; sourceTree = "<group>"; };
		12068F4420892F37004F35D7 /* BlasteroidsTests.xctest */ = {isa = PBXFileReference; explicitFileType = wrapper.cfbundle; includeInIndex = 0; path = BlasteroidsTests.xctest; sourceTree = BUILT_PRODUCTS_DIR; };
		12068F4820892F37004F35D7 /* BlasteroidsTests.swift */ = {isa = PBXFileReference; lastKnownFileType = sourcecode.swift; path = BlasteroidsTests.swift; sourceTree = "<group>"; };
		12068F4A20892F37004F35D7 /* Info.plist */ = {isa = PBXFileReference; lastKnownFileType = text.plist.xml; path = Info.plist; sourceTree = "<group>"; };
		12068F4F20892F37004F35D7 /* BlasteroidsUITests.xctest */ = {isa = PBXFileReference; explicitFileType = wrapper.cfbundle; includeInIndex = 0; path = BlasteroidsUITests.xctest; sourceTree = BUILT_PRODUCTS_DIR; };
		12068F5320892F37004F35D7 /* BlasteroidsUITests.swift */ = {isa = PBXFileReference; lastKnownFileType = sourcecode.swift; path = BlasteroidsUITests.swift; sourceTree = "<group>"; };
		12068F5520892F37004F35D7 /* Info.plist */ = {isa = PBXFileReference; lastKnownFileType = text.plist.xml; path = Info.plist; sourceTree = "<group>"; };
		124C2F6320A3CB02006A5D68 /* EndScene.sks */ = {isa = PBXFileReference; lastKnownFileType = file.sks; path = EndScene.sks; sourceTree = "<group>"; };
		124C2F6520A3EB2A006A5D68 /* Default-568h@2x.png */ = {isa = PBXFileReference; lastKnownFileType = image.png; path = "Default-568h@2x.png"; sourceTree = "<group>"; };
		12F95541208EC66000F9111B /* Assets.xcassets */ = {isa = PBXFileReference; lastKnownFileType = folder.assetcatalog; path = Assets.xcassets; sourceTree = "<group>"; };
		12F95543208ED49800F9111B /* EndScene.swift */ = {isa = PBXFileReference; lastKnownFileType = sourcecode.swift; path = EndScene.swift; sourceTree = "<group>"; };
		12FA49D9208952D200B84CC8 /* Blasteroids.entitlements */ = {isa = PBXFileReference; lastKnownFileType = text.plist.entitlements; path = Blasteroids.entitlements; sourceTree = "<group>"; };
/* End PBXFileReference section */

/* Begin PBXFrameworksBuildPhase section */
		12068F2720892F37004F35D7 /* Frameworks */ = {
			isa = PBXFrameworksBuildPhase;
			buildActionMask = 2147483647;
			files = (
			);
			runOnlyForDeploymentPostprocessing = 0;
		};
		12068F4120892F37004F35D7 /* Frameworks */ = {
			isa = PBXFrameworksBuildPhase;
			buildActionMask = 2147483647;
			files = (
			);
			runOnlyForDeploymentPostprocessing = 0;
		};
		12068F4C20892F37004F35D7 /* Frameworks */ = {
			isa = PBXFrameworksBuildPhase;
			buildActionMask = 2147483647;
			files = (
			);
			runOnlyForDeploymentPostprocessing = 0;
		};
/* End PBXFrameworksBuildPhase section */

/* Begin PBXGroup section */
		12068F2120892F37004F35D7 = {
			isa = PBXGroup;
			children = (
				124C2F6520A3EB2A006A5D68 /* Default-568h@2x.png */,
				12068F2C20892F37004F35D7 /* Blasteroids */,
				12068F4720892F37004F35D7 /* BlasteroidsTests */,
				12068F5220892F37004F35D7 /* BlasteroidsUITests */,
				12068F2B20892F37004F35D7 /* Products */,
				12FA49DA208952D200B84CC8 /* Frameworks */,
			);
			sourceTree = "<group>";
		};
		12068F2B20892F37004F35D7 /* Products */ = {
			isa = PBXGroup;
			children = (
				12068F2A20892F37004F35D7 /* Blasteroids.app */,
				12068F4420892F37004F35D7 /* BlasteroidsTests.xctest */,
				12068F4F20892F37004F35D7 /* BlasteroidsUITests.xctest */,
			);
			name = Products;
			sourceTree = "<group>";
		};
		12068F2C20892F37004F35D7 /* Blasteroids */ = {
			isa = PBXGroup;
			children = (
				12FA49D9208952D200B84CC8 /* Blasteroids.entitlements */,
				12068F2D20892F37004F35D7 /* AppDelegate.swift */,
				12068F3320892F37004F35D7 /* GameScene.swift */,
				12068F2F20892F37004F35D7 /* GameScene.sks */,
				12F95543208ED49800F9111B /* EndScene.swift */,
				124C2F6320A3CB02006A5D68 /* EndScene.sks */,
				12F95541208EC66000F9111B /* Assets.xcassets */,
				12068F3520892F37004F35D7 /* GameViewController.swift */,
				12068F3720892F37004F35D7 /* Main.storyboard */,
				12068F3C20892F37004F35D7 /* LaunchScreen.storyboard */,
				12068F3F20892F37004F35D7 /* Info.plist */,
			);
			path = Blasteroids;
			sourceTree = "<group>";
		};
		12068F4720892F37004F35D7 /* BlasteroidsTests */ = {
			isa = PBXGroup;
			children = (
				12068F4820892F37004F35D7 /* BlasteroidsTests.swift */,
				12068F4A20892F37004F35D7 /* Info.plist */,
			);
			path = BlasteroidsTests;
			sourceTree = "<group>";
		};
		12068F5220892F37004F35D7 /* BlasteroidsUITests */ = {
			isa = PBXGroup;
			children = (
				12068F5320892F37004F35D7 /* BlasteroidsUITests.swift */,
				12068F5520892F37004F35D7 /* Info.plist */,
			);
			path = BlasteroidsUITests;
			sourceTree = "<group>";
		};
		12FA49DA208952D200B84CC8 /* Frameworks */ = {
			isa = PBXGroup;
			children = (
			);
			name = Frameworks;
			sourceTree = "<group>";
		};
/* End PBXGroup section */

/* Begin PBXNativeTarget section */
		12068F2920892F37004F35D7 /* Blasteroids */ = {
			isa = PBXNativeTarget;
			buildConfigurationList = 12068F5820892F37004F35D7 /* Build configuration list for PBXNativeTarget "Blasteroids" */;
			buildPhases = (
				12068F2620892F37004F35D7 /* Sources */,
				12068F2720892F37004F35D7 /* Frameworks */,
				12068F2820892F37004F35D7 /* Resources */,
			);
			buildRules = (
			);
			dependencies = (
			);
			name = Blasteroids;
			productName = asteroids;
			productReference = 12068F2A20892F37004F35D7 /* Blasteroids.app */;
			productType = "com.apple.product-type.application";
		};
		12068F4320892F37004F35D7 /* BlasteroidsTests */ = {
			isa = PBXNativeTarget;
			buildConfigurationList = 12068F5B20892F37004F35D7 /* Build configuration list for PBXNativeTarget "BlasteroidsTests" */;
			buildPhases = (
				12068F4020892F37004F35D7 /* Sources */,
				12068F4120892F37004F35D7 /* Frameworks */,
				12068F4220892F37004F35D7 /* Resources */,
			);
			buildRules = (
			);
			dependencies = (
				12068F4620892F37004F35D7 /* PBXTargetDependency */,
			);
			name = BlasteroidsTests;
			productName = asteroidsTests;
			productReference = 12068F4420892F37004F35D7 /* BlasteroidsTests.xctest */;
			productType = "com.apple.product-type.bundle.unit-test";
		};
		12068F4E20892F37004F35D7 /* BlasteroidsUITests */ = {
			isa = PBXNativeTarget;
			buildConfigurationList = 12068F5E20892F37004F35D7 /* Build configuration list for PBXNativeTarget "BlasteroidsUITests" */;
			buildPhases = (
				12068F4B20892F37004F35D7 /* Sources */,
				12068F4C20892F37004F35D7 /* Frameworks */,
				12068F4D20892F37004F35D7 /* Resources */,
			);
			buildRules = (
			);
			dependencies = (
				12068F5120892F37004F35D7 /* PBXTargetDependency */,
			);
			name = BlasteroidsUITests;
			productName = asteroidsUITests;
			productReference = 12068F4F20892F37004F35D7 /* BlasteroidsUITests.xctest */;
			productType = "com.apple.product-type.bundle.ui-testing";
		};
/* End PBXNativeTarget section */

/* Begin PBXProject section */
		12068F2220892F37004F35D7 /* Project object */ = {
			isa = PBXProject;
			attributes = {
				LastSwiftUpdateCheck = 0920;
				LastUpgradeCheck = 0930;
				ORGANIZATIONNAME = "Cruttenden Corporation";
				TargetAttributes = {
					12068F2920892F37004F35D7 = {
						CreatedOnToolsVersion = 9.2;
						ProvisioningStyle = Automatic;
						SystemCapabilities = {
							com.apple.BackgroundModes = {
								enabled = 0;
							};
							com.apple.DataProtection = {
								enabled = 0;
							};
							com.apple.InterAppAudio = {
								enabled = 0;
							};
						};
					};
					12068F4320892F37004F35D7 = {
						CreatedOnToolsVersion = 9.2;
						ProvisioningStyle = Automatic;
						TestTargetID = 12068F2920892F37004F35D7;
					};
					12068F4E20892F37004F35D7 = {
						CreatedOnToolsVersion = 9.2;
						ProvisioningStyle = Automatic;
						TestTargetID = 12068F2920892F37004F35D7;
					};
				};
			};
			buildConfigurationList = 12068F2520892F37004F35D7 /* Build configuration list for PBXProject "Blasteroids" */;
			compatibilityVersion = "Xcode 8.0";
			developmentRegion = en;
			hasScannedForEncodings = 0;
			knownRegions = (
				en,
				Base,
			);
			mainGroup = 12068F2120892F37004F35D7;
			productRefGroup = 12068F2B20892F37004F35D7 /* Products */;
			projectDirPath = "";
			projectRoot = "";
			targets = (
				12068F2920892F37004F35D7 /* Blasteroids */,
				12068F4320892F37004F35D7 /* BlasteroidsTests */,
				12068F4E20892F37004F35D7 /* BlasteroidsUITests */,
			);
		};
/* End PBXProject section */

/* Begin PBXResourcesBuildPhase section */
		12068F2820892F37004F35D7 /* Resources */ = {
			isa = PBXResourcesBuildPhase;
			buildActionMask = 2147483647;
			files = (
				12068F3920892F37004F35D7 /* Main.storyboard in Resources */,
				12068F3020892F37004F35D7 /* GameScene.sks in Resources */,
				12F95542208EC66100F9111B /* Assets.xcassets in Resources */,
				12068F3E20892F37004F35D7 /* LaunchScreen.storyboard in Resources */,
				124C2F6420A3CB02006A5D68 /* EndScene.sks in Resources */,
				124C2F6620A3EB2A006A5D68 /* Default-568h@2x.png in Resources */,
			);
			runOnlyForDeploymentPostprocessing = 0;
		};
		12068F4220892F37004F35D7 /* Resources */ = {
			isa = PBXResourcesBuildPhase;
			buildActionMask = 2147483647;
			files = (
			);
			runOnlyForDeploymentPostprocessing = 0;
		};
		12068F4D20892F37004F35D7 /* Resources */ = {
			isa = PBXResourcesBuildPhase;
			buildActionMask = 2147483647;
			files = (
			);
			runOnlyForDeploymentPostprocessing = 0;
		};
/* End PBXResourcesBuildPhase section */

/* Begin PBXSourcesBuildPhase section */
		12068F2620892F37004F35D7 /* Sources */ = {
			isa = PBXSourcesBuildPhase;
			buildActionMask = 2147483647;
			files = (
				12068F3420892F37004F35D7 /* GameScene.swift in Sources */,
				12068F3620892F37004F35D7 /* GameViewController.swift in Sources */,
				12068F2E20892F37004F35D7 /* AppDelegate.swift in Sources */,
				12F95544208ED49800F9111B /* EndScene.swift in Sources */,
			);
			runOnlyForDeploymentPostprocessing = 0;
		};
		12068F4020892F37004F35D7 /* Sources */ = {
			isa = PBXSourcesBuildPhase;
			buildActionMask = 2147483647;
			files = (
				12068F4920892F37004F35D7 /* BlasteroidsTests.swift in Sources */,
			);
			runOnlyForDeploymentPostprocessing = 0;
		};
		12068F4B20892F37004F35D7 /* Sources */ = {
			isa = PBXSourcesBuildPhase;
			buildActionMask = 2147483647;
			files = (
				12068F5420892F37004F35D7 /* BlasteroidsUITests.swift in Sources */,
			);
			runOnlyForDeploymentPostprocessing = 0;
		};
/* End PBXSourcesBuildPhase section */

/* Begin PBXTargetDependency section */
		12068F4620892F37004F35D7 /* PBXTargetDependency */ = {
			isa = PBXTargetDependency;
			target = 12068F2920892F37004F35D7 /* Blasteroids */;
			targetProxy = 12068F4520892F37004F35D7 /* PBXContainerItemProxy */;
		};
		12068F5120892F37004F35D7 /* PBXTargetDependency */ = {
			isa = PBXTargetDependency;
			target = 12068F2920892F37004F35D7 /* Blasteroids */;
			targetProxy = 12068F5020892F37004F35D7 /* PBXContainerItemProxy */;
		};
/* End PBXTargetDependency section */

/* Begin PBXVariantGroup section */
		12068F3720892F37004F35D7 /* Main.storyboard */ = {
			isa = PBXVariantGroup;
			children = (
				12068F3820892F37004F35D7 /* Base */,
			);
			name = Main.storyboard;
			sourceTree = "<group>";
		};
		12068F3C20892F37004F35D7 /* LaunchScreen.storyboard */ = {
			isa = PBXVariantGroup;
			children = (
				12068F3D20892F37004F35D7 /* Base */,
			);
			name = LaunchScreen.storyboard;
			sourceTree = "<group>";
		};
/* End PBXVariantGroup section */

/* Begin XCBuildConfiguration section */
		12068F5620892F37004F35D7 /* Debug */ = {
			isa = XCBuildConfiguration;
			buildSettings = {
				ALWAYS_SEARCH_USER_PATHS = NO;
				CLANG_ANALYZER_NONNULL = YES;
				CLANG_ANALYZER_NUMBER_OBJECT_CONVERSION = YES_AGGRESSIVE;
				CLANG_CXX_LANGUAGE_STANDARD = "gnu++14";
				CLANG_CXX_LIBRARY = "libc++";
				CLANG_ENABLE_MODULES = YES;
				CLANG_ENABLE_OBJC_ARC = YES;
				CLANG_WARN_BLOCK_CAPTURE_AUTORELEASING = YES;
				CLANG_WARN_BOOL_CONVERSION = YES;
				CLANG_WARN_COMMA = YES;
				CLANG_WARN_CONSTANT_CONVERSION = YES;
				CLANG_WARN_DEPRECATED_OBJC_IMPLEMENTATIONS = YES;
				CLANG_WARN_DIRECT_OBJC_ISA_USAGE = YES_ERROR;
				CLANG_WARN_DOCUMENTATION_COMMENTS = YES;
				CLANG_WARN_EMPTY_BODY = YES;
				CLANG_WARN_ENUM_CONVERSION = YES;
				CLANG_WARN_INFINITE_RECURSION = YES;
				CLANG_WARN_INT_CONVERSION = YES;
				CLANG_WARN_NON_LITERAL_NULL_CONVERSION = YES;
				CLANG_WARN_OBJC_IMPLICIT_RETAIN_SELF = YES;
				CLANG_WARN_OBJC_LITERAL_CONVERSION = YES;
				CLANG_WARN_OBJC_ROOT_CLASS = YES_ERROR;
				CLANG_WARN_RANGE_LOOP_ANALYSIS = YES;
				CLANG_WARN_STRICT_PROTOTYPES = YES;
				CLANG_WARN_SUSPICIOUS_MOVE = YES;
				CLANG_WARN_UNGUARDED_AVAILABILITY = YES_AGGRESSIVE;
				CLANG_WARN_UNREACHABLE_CODE = YES;
				CLANG_WARN__DUPLICATE_METHOD_MATCH = YES;
				CODE_SIGN_IDENTITY = "iPhone Developer";
				COPY_PHASE_STRIP = NO;
				DEBUG_INFORMATION_FORMAT = dwarf;
				ENABLE_STRICT_OBJC_MSGSEND = YES;
				ENABLE_TESTABILITY = YES;
				GCC_C_LANGUAGE_STANDARD = gnu11;
				GCC_DYNAMIC_NO_PIC = NO;
				GCC_NO_COMMON_BLOCKS = YES;
				GCC_OPTIMIZATION_LEVEL = 0;
				GCC_PREPROCESSOR_DEFINITIONS = (
					"DEBUG=1",
					"$(inherited)",
				);
				GCC_WARN_64_TO_32_BIT_CONVERSION = YES;
				GCC_WARN_ABOUT_RETURN_TYPE = YES_ERROR;
				GCC_WARN_UNDECLARED_SELECTOR = YES;
				GCC_WARN_UNINITIALIZED_AUTOS = YES_AGGRESSIVE;
				GCC_WARN_UNUSED_FUNCTION = YES;
				GCC_WARN_UNUSED_VARIABLE = YES;
				IPHONEOS_DEPLOYMENT_TARGET = 11.3;
				MTL_ENABLE_DEBUG_INFO = YES;
				ONLY_ACTIVE_ARCH = YES;
				SDKROOT = iphoneos;
				SWIFT_ACTIVE_COMPILATION_CONDITIONS = DEBUG;
				SWIFT_OPTIMIZATION_LEVEL = "-Onone";
			};
			name = Debug;
		};
		12068F5720892F37004F35D7 /* Release */ = {
			isa = XCBuildConfiguration;
			buildSettings = {
				ALWAYS_SEARCH_USER_PATHS = NO;
				CLANG_ANALYZER_NONNULL = YES;
				CLANG_ANALYZER_NUMBER_OBJECT_CONVERSION = YES_AGGRESSIVE;
				CLANG_CXX_LANGUAGE_STANDARD = "gnu++14";
				CLANG_CXX_LIBRARY = "libc++";
				CLANG_ENABLE_MODULES = YES;
				CLANG_ENABLE_OBJC_ARC = YES;
				CLANG_WARN_BLOCK_CAPTURE_AUTORELEASING = YES;
				CLANG_WARN_BOOL_CONVERSION = YES;
				CLANG_WARN_COMMA = YES;
				CLANG_WARN_CONSTANT_CONVERSION = YES;
				CLANG_WARN_DEPRECATED_OBJC_IMPLEMENTATIONS = YES;
				CLANG_WARN_DIRECT_OBJC_ISA_USAGE = YES_ERROR;
				CLANG_WARN_DOCUMENTATION_COMMENTS = YES;
				CLANG_WARN_EMPTY_BODY = YES;
				CLANG_WARN_ENUM_CONVERSION = YES;
				CLANG_WARN_INFINITE_RECURSION = YES;
				CLANG_WARN_INT_CONVERSION = YES;
				CLANG_WARN_NON_LITERAL_NULL_CONVERSION = YES;
				CLANG_WARN_OBJC_IMPLICIT_RETAIN_SELF = YES;
				CLANG_WARN_OBJC_LITERAL_CONVERSION = YES;
				CLANG_WARN_OBJC_ROOT_CLASS = YES_ERROR;
				CLANG_WARN_RANGE_LOOP_ANALYSIS = YES;
				CLANG_WARN_STRICT_PROTOTYPES = YES;
				CLANG_WARN_SUSPICIOUS_MOVE = YES;
				CLANG_WARN_UNGUARDED_AVAILABILITY = YES_AGGRESSIVE;
				CLANG_WARN_UNREACHABLE_CODE = YES;
				CLANG_WARN__DUPLICATE_METHOD_MATCH = YES;
				CODE_SIGN_IDENTITY = "iPhone Developer";
				COPY_PHASE_STRIP = NO;
				DEBUG_INFORMATION_FORMAT = "dwarf-with-dsym";
				ENABLE_NS_ASSERTIONS = NO;
				ENABLE_STRICT_OBJC_MSGSEND = YES;
				GCC_C_LANGUAGE_STANDARD = gnu11;
				GCC_NO_COMMON_BLOCKS = YES;
				GCC_WARN_64_TO_32_BIT_CONVERSION = YES;
				GCC_WARN_ABOUT_RETURN_TYPE = YES_ERROR;
				GCC_WARN_UNDECLARED_SELECTOR = YES;
				GCC_WARN_UNINITIALIZED_AUTOS = YES_AGGRESSIVE;
				GCC_WARN_UNUSED_FUNCTION = YES;
				GCC_WARN_UNUSED_VARIABLE = YES;
				IPHONEOS_DEPLOYMENT_TARGET = 11.3;
				MTL_ENABLE_DEBUG_INFO = NO;
				SDKROOT = iphoneos;
				SWIFT_OPTIMIZATION_LEVEL = "-Owholemodule";
				VALIDATE_PRODUCT = YES;
			};
			name = Release;
		};
		12068F5920892F37004F35D7 /* Debug */ = {
			isa = XCBuildConfiguration;
			buildSettings = {
				ASSETCATALOG_COMPILER_APPICON_NAME = AppIcon;
				CODE_SIGN_IDENTITY = "iPhone Developer";
				CODE_SIGN_STYLE = Automatic;
				DEVELOPMENT_TEAM = 823QMEH87H;
				INFOPLIST_FILE = "$(SRCROOT)/Blasteroids/Info.plist";
				IPHONEOS_DEPLOYMENT_TARGET = 9.3;
				LD_RUNPATH_SEARCH_PATHS = "$(inherited) @executable_path/Frameworks";
				PRODUCT_BUNDLE_IDENTIFIER = com.cruttendencorporation.Blasteroids;
				PRODUCT_NAME = "$(TARGET_NAME)";
				SWIFT_VERSION = 4.0;
				TARGETED_DEVICE_FAMILY = 1;
			};
			name = Debug;
		};
		12068F5A20892F37004F35D7 /* Release */ = {
			isa = XCBuildConfiguration;
			buildSettings = {
				ASSETCATALOG_COMPILER_APPICON_NAME = AppIcon;
				CODE_SIGN_IDENTITY = "iPhone Developer";
				CODE_SIGN_STYLE = Automatic;
				DEVELOPMENT_TEAM = 823QMEH87H;
				INFOPLIST_FILE = "$(SRCROOT)/Blasteroids/Info.plist";
				IPHONEOS_DEPLOYMENT_TARGET = 9.3;
				LD_RUNPATH_SEARCH_PATHS = "$(inherited) @executable_path/Frameworks";
				PRODUCT_BUNDLE_IDENTIFIER = com.cruttendencorporation.Blasteroids;
				PRODUCT_NAME = "$(TARGET_NAME)";
				SWIFT_VERSION = 4.0;
				TARGETED_DEVICE_FAMILY = 1;
			};
			name = Release;
		};
		12068F5C20892F37004F35D7 /* Debug */ = {
			isa = XCBuildConfiguration;
			buildSettings = {
				ALWAYS_EMBED_SWIFT_STANDARD_LIBRARIES = YES;
				BUNDLE_LOADER = "$(TEST_HOST)";
				CODE_SIGN_STYLE = Automatic;
				DEVELOPMENT_TEAM = 823QMEH87H;
				INFOPLIST_FILE = asteroidsTests/Info.plist;
				LD_RUNPATH_SEARCH_PATHS = "$(inherited) @executable_path/Frameworks @loader_path/Frameworks";
				PRODUCT_BUNDLE_IDENTIFIER = com.cruttendencorporation.asteroidsTests;
				PRODUCT_NAME = "$(TARGET_NAME)";
				SWIFT_VERSION = 4.0;
				TARGETED_DEVICE_FAMILY = "1,2";
				TEST_HOST = "$(BUILT_PRODUCTS_DIR)/Blasteroids.app/Blasteroids";
			};
			name = Debug;
		};
		12068F5D20892F37004F35D7 /* Release */ = {
			isa = XCBuildConfiguration;
			buildSettings = {
				ALWAYS_EMBED_SWIFT_STANDARD_LIBRARIES = YES;
				BUNDLE_LOADER = "$(TEST_HOST)";
				CODE_SIGN_STYLE = Automatic;
				DEVELOPMENT_TEAM = 823QMEH87H;
				INFOPLIST_FILE = asteroidsTests/Info.plist;
				LD_RUNPATH_SEARCH_PATHS = "$(inherited) @executable_path/Frameworks @loader_path/Frameworks";
				PRODUCT_BUNDLE_IDENTIFIER = com.cruttendencorporation.asteroidsTests;
				PRODUCT_NAME = "$(TARGET_NAME)";
				SWIFT_VERSION = 4.0;
				TARGETED_DEVICE_FAMILY = "1,2";
				TEST_HOST = "$(BUILT_PRODUCTS_DIR)/Blasteroids.app/Blasteroids";
			};
			name = Release;
		};
		12068F5F20892F37004F35D7 /* Debug */ = {
			isa = XCBuildConfiguration;
			buildSettings = {
				ALWAYS_EMBED_SWIFT_STANDARD_LIBRARIES = YES;
				CODE_SIGN_STYLE = Automatic;
				DEVELOPMENT_TEAM = 823QMEH87H;
				INFOPLIST_FILE = asteroidsUITests/Info.plist;
				LD_RUNPATH_SEARCH_PATHS = "$(inherited) @executable_path/Frameworks @loader_path/Frameworks";
				PRODUCT_BUNDLE_IDENTIFIER = com.cruttendencorporation.asteroidsUITests;
				PRODUCT_NAME = "$(TARGET_NAME)";
				SWIFT_VERSION = 4.0;
				TARGETED_DEVICE_FAMILY = "1,2";
				TEST_TARGET_NAME = asteroids;
			};
			name = Debug;
		};
		12068F6020892F37004F35D7 /* Release */ = {
			isa = XCBuildConfiguration;
			buildSettings = {
				ALWAYS_EMBED_SWIFT_STANDARD_LIBRARIES = YES;
				CODE_SIGN_STYLE = Automatic;
				DEVELOPMENT_TEAM = 823QMEH87H;
				INFOPLIST_FILE = asteroidsUITests/Info.plist;
				LD_RUNPATH_SEARCH_PATHS = "$(inherited) @executable_path/Frameworks @loader_path/Frameworks";
				PRODUCT_BUNDLE_IDENTIFIER = com.cruttendencorporation.asteroidsUITests;
				PRODUCT_NAME = "$(TARGET_NAME)";
				SWIFT_VERSION = 4.0;
				TARGETED_DEVICE_FAMILY = "1,2";
				TEST_TARGET_NAME = asteroids;
			};
			name = Release;
		};
/* End XCBuildConfiguration section */

/* Begin XCConfigurationList section */
		12068F2520892F37004F35D7 /* Build configuration list for PBXProject "Blasteroids" */ = {
			isa = XCConfigurationList;
			buildConfigurations = (
				12068F5620892F37004F35D7 /* Debug */,
				12068F5720892F37004F35D7 /* Release */,
			);
			defaultConfigurationIsVisible = 0;
			defaultConfigurationName = Release;
		};
		12068F5820892F37004F35D7 /* Build configuration list for PBXNativeTarget "Blasteroids" */ = {
			isa = XCConfigurationList;
			buildConfigurations = (
				12068F5920892F37004F35D7 /* Debug */,
				12068F5A20892F37004F35D7 /* Release */,
			);
			defaultConfigurationIsVisible = 0;
			defaultConfigurationName = Release;
		};
		12068F5B20892F37004F35D7 /* Build configuration list for PBXNativeTarget "BlasteroidsTests" */ = {
			isa = XCConfigurationList;
			buildConfigurations = (
				12068F5C20892F37004F35D7 /* Debug */,
				12068F5D20892F37004F35D7 /* Release */,
			);
			defaultConfigurationIsVisible = 0;
			defaultConfigurationName = Release;
		};
		12068F5E20892F37004F35D7 /* Build configuration list for PBXNativeTarget "BlasteroidsUITests" */ = {
			isa = XCConfigurationList;
			buildConfigurations = (
				12068F5F20892F37004F35D7 /* Debug */,
				12068F6020892F37004F35D7 /* Release */,
			);
			defaultConfigurationIsVisible = 0;
			defaultConfigurationName = Release;
		};
/* End XCConfigurationList section */
	};
	rootObject = 12068F2220892F37004F35D7 /* Project object */;
}
